
Microsoft Visual Studio Solution File, Format Version 12.00
# Visual Studio 2013
VisualStudioVersion = 12.0.30501.0
MinimumVisualStudioVersion = 10.0.40219.1
Project("{FAE04EC0-301F-11D3-BF4B-00C04F79EFBC}") = "HandwrittenDigitsRecognition", "HandwrittenDigitsRecognition\HandwrittenDigitsRecognition.csproj", "{A39B9BB6-B91C-4D8F-841D-F74EA76E742A}"
EndProject
Global
	GlobalSection(SolutionConfigurationPlatforms) = preSolution
		Debug|Any CPU = Debug|Any CPU
		Release|Any CPU = Release|Any CPU
	EndGlobalSection
	GlobalSection(ProjectConfigurationPlatforms) = postSolution
		{A39B9BB6-B91C-4D8F-841D-F74EA76E742A}.Debug|Any CPU.ActiveCfg = Debug|Any CPU
		{A39B9BB6-B91C-4D8F-841D-F74EA76E742A}.Debug|Any CPU.Build.0 = Debug|Any CPU
		{A39B9BB6-B91C-4D8F-841D-F74EA76E742A}.Release|Any CPU.ActiveCfg = Release|Any CPU
		{A39B9BB6-B91C-4D8F-841D-F74EA76E742A}.Release|Any CPU.Build.0 = Release|Any CPU
	EndGlobalSection
	GlobalSection(SolutionProperties) = preSolution
		HideSolutionNode = FALSE
	EndGlobalSection
EndGlobal
